{
  "name": "teste",
  "version": "1.0.0",
  "lockfileVersion": 3,
  "requires": true,
  "packages": {
    "": {
      "name": "teste",
      "version": "1.0.0",
      "license": "ISC",
      "dependencies": {
        "modulos": "github:noo-e/multiplicacao",
        "soma": "github:gerson-pn/soma"
      }
    },
    "node_modules/modulos": {
      "version": "1.0.0",
      "resolved": "git+ssh://git@github.com/noo-e/multiplicacao.git#04dcd803727203c6f6f48cb3aa3028e4ae091178",
      "license": "ISC",
      "dependencies": {
        "soma": "github:brunodenardo/Subtracao"
      }
    },
    "node_modules/modulos/node_modules/soma": {
      "version": "1.0.0",
      "resolved": "git+ssh://git@github.com/brunodenardo/Subtracao.git#d0c15548ebe431e1540f02cbbe099e5fed7983d1",
      "license": "ISC"
    },
    "node_modules/soma": {
      "version": "1.0.0",
      "resolved": "git+ssh://git@github.com/gerson-pn/soma.git#a88ffaba704a4753a475a43a45858b87ea116938",
      "license": "ISC"
    }
  }
}
